
Microsoft Visual Studio Solution File, Format Version 12.00
# Visual Studio Version 17
VisualStudioVersion = 17.7.34009.444
MinimumVisualStudioVersion = 10.0.40219.1
Project("{9A19103F-16F7-4668-BE54-9A1E7A4F7556}") = "Nounbase.Core", "Nounbase.Core\Nounbase.Core.csproj", "{D2EDA6B0-C568-4610-A31E-678386EDB30D}"
EndProject
Project("{9A19103F-16F7-4668-BE54-9A1E7A4F7556}") = "Nounbase.Console.GenMap", "Nounbase.Console.GenMap\Nounbase.Console.GenMap.csproj", "{6FC68976-41DD-4722-87B9-A5D1FC6F7895}"
EndProject
Project("{9A19103F-16F7-4668-BE54-9A1E7A4F7556}") = "Nounbase.Services", "Nounbase.Services\Nounbase.Services.csproj", "{ADD29968-5523-4309-A14A-B9F8F5F1E593}"
EndProject
Project("{9A19103F-16F7-4668-BE54-9A1E7A4F7556}") = "Nounbase.Services.SqlServer", "Nounbase.Services.SqlServer\Nounbase.Services.SqlServer.csproj", "{6EC90C9B-F351-40AA-A141-A8C74E2E205A}"
EndProject
Global
	GlobalSection(SolutionConfigurationPlatforms) = preSolution
		Debug|Any CPU = Debug|Any CPU
		Release|Any CPU = Release|Any CPU
	EndGlobalSection
	GlobalSection(ProjectConfigurationPlatforms) = postSolution
		{D2EDA6B0-C568-4610-A31E-678386EDB30D}.Debug|Any CPU.ActiveCfg = Debug|Any CPU
		{D2EDA6B0-C568-4610-A31E-678386EDB30D}.Debug|Any CPU.Build.0 = Debug|Any CPU
		{D2EDA6B0-C568-4610-A31E-678386EDB30D}.Release|Any CPU.ActiveCfg = Release|Any CPU
		{D2EDA6B0-C568-4610-A31E-678386EDB30D}.Release|Any CPU.Build.0 = Release|Any CPU
		{6FC68976-41DD-4722-87B9-A5D1FC6F7895}.Debug|Any CPU.ActiveCfg = Debug|Any CPU
		{6FC68976-41DD-4722-87B9-A5D1FC6F7895}.Debug|Any CPU.Build.0 = Debug|Any CPU
		{6FC68976-41DD-4722-87B9-A5D1FC6F7895}.Release|Any CPU.ActiveCfg = Release|Any CPU
		{6FC68976-41DD-4722-87B9-A5D1FC6F7895}.Release|Any CPU.Build.0 = Release|Any CPU
		{ADD29968-5523-4309-A14A-B9F8F5F1E593}.Debug|Any CPU.ActiveCfg = Debug|Any CPU
		{ADD29968-5523-4309-A14A-B9F8F5F1E593}.Debug|Any CPU.Build.0 = Debug|Any CPU
		{ADD29968-5523-4309-A14A-B9F8F5F1E593}.Release|Any CPU.ActiveCfg = Release|Any CPU
		{ADD29968-5523-4309-A14A-B9F8F5F1E593}.Release|Any CPU.Build.0 = Release|Any CPU
		{6EC90C9B-F351-40AA-A141-A8C74E2E205A}.Debug|Any CPU.ActiveCfg = Debug|Any CPU
		{6EC90C9B-F351-40AA-A141-A8C74E2E205A}.Debug|Any CPU.Build.0 = Debug|Any CPU
		{6EC90C9B-F351-40AA-A141-A8C74E2E205A}.Release|Any CPU.ActiveCfg = Release|Any CPU
		{6EC90C9B-F351-40AA-A141-A8C74E2E205A}.Release|Any CPU.Build.0 = Release|Any CPU
	EndGlobalSection
	GlobalSection(SolutionProperties) = preSolution
		HideSolutionNode = FALSE
	EndGlobalSection
	GlobalSection(ExtensibilityGlobals) = postSolution
		SolutionGuid = {D56B9973-1380-4B38-93E1-B7CBEB3D0207}
	EndGlobalSection
EndGlobal
